
Microsoft Visual Studio Solution File, Format Version 12.00
# Visual Studio 15
Project("{FAE04EC0-301F-11D3-BF4B-00C04F79EFBC}") = "Assembly-CSharp", "Assembly-CSharp.csproj", "{18BFB947-1681-8262-BB13-28BA58F01021}"
EndProject
Project("{FAE04EC0-301F-11D3-BF4B-00C04F79EFBC}") = "Assembly-CSharp-firstpass", "Assembly-CSharp-firstpass.csproj", "{3376E113-A485-2CC7-1071-0D0330CE3AC2}"
EndProject
Project("{FAE04EC0-301F-11D3-BF4B-00C04F79EFBC}") = "Assembly-CSharp-Editor-firstpass", "Assembly-CSharp-Editor-firstpass.csproj", "{B7664829-3921-8B6C-FE4E-6A3E72ADAA36}"
EndProject
Global
	GlobalSection(SolutionConfigurationPlatforms) = preSolution
		Debug|Any CPU = Debug|Any CPU
		Release|Any CPU = Release|Any CPU
	EndGlobalSection
	GlobalSection(ProjectConfigurationPlatforms) = postSolution
		{18BFB947-1681-8262-BB13-28BA58F01021}.Debug|Any CPU.ActiveCfg = Debug|Any CPU
		{18BFB947-1681-8262-BB13-28BA58F01021}.Debug|Any CPU.Build.0 = Debug|Any CPU
		{18BFB947-1681-8262-BB13-28BA58F01021}.Release|Any CPU.ActiveCfg = Release|Any CPU
		{18BFB947-1681-8262-BB13-28BA58F01021}.Release|Any CPU.Build.0 = Release|Any CPU
		{3376E113-A485-2CC7-1071-0D0330CE3AC2}.Debug|Any CPU.ActiveCfg = Debug|Any CPU
		{3376E113-A485-2CC7-1071-0D0330CE3AC2}.Debug|Any CPU.Build.0 = Debug|Any CPU
		{3376E113-A485-2CC7-1071-0D0330CE3AC2}.Release|Any CPU.ActiveCfg = Release|Any CPU
		{3376E113-A485-2CC7-1071-0D0330CE3AC2}.Release|Any CPU.Build.0 = Release|Any CPU
		{B7664829-3921-8B6C-FE4E-6A3E72ADAA36}.Debug|Any CPU.ActiveCfg = Debug|Any CPU
		{B7664829-3921-8B6C-FE4E-6A3E72ADAA36}.Debug|Any CPU.Build.0 = Debug|Any CPU
		{B7664829-3921-8B6C-FE4E-6A3E72ADAA36}.Release|Any CPU.ActiveCfg = Release|Any CPU
		{B7664829-3921-8B6C-FE4E-6A3E72ADAA36}.Release|Any CPU.Build.0 = Release|Any CPU
	EndGlobalSection
	GlobalSection(SolutionProperties) = preSolution
		HideSolutionNode = FALSE
	EndGlobalSection
EndGlobal
